
Microsoft Visual Studio Solution File, Format Version 12.00
# Visual Studio Version 16
VisualStudioVersion = 16.0.30104.148
MinimumVisualStudioVersion = 10.0.40219.1
Project("{9A19103F-16F7-4668-BE54-9A1E7A4F7556}") = "NosCompanion", "NosCompanion\NosCompanion.csproj", "{7415EC2D-64F7-4EB7-AD54-D3E9E657AF5E}"
EndProject
Project("{9A19103F-16F7-4668-BE54-9A1E7A4F7556}") = "NosCompanion.Test", "NosCompanion.Test\NosCompanion.Test.csproj", "{B0DCC92E-909B-4AD5-963F-96482019E396}"
EndProject
Project("{FAE04EC0-301F-11D3-BF4B-00C04F79EFBC}") = "NosCompanion.Worker", "NosCompanion.Worker\NosCompanion.Worker.csproj", "{23CC2588-F5E2-4DA8-A5F2-F479115954CF}"
EndProject
Global
	GlobalSection(SolutionConfigurationPlatforms) = preSolution
		Debug|Any CPU = Debug|Any CPU
		Release|Any CPU = Release|Any CPU
	EndGlobalSection
	GlobalSection(ProjectConfigurationPlatforms) = postSolution
		{7415EC2D-64F7-4EB7-AD54-D3E9E657AF5E}.Debug|Any CPU.ActiveCfg = Debug|Any CPU
		{7415EC2D-64F7-4EB7-AD54-D3E9E657AF5E}.Debug|Any CPU.Build.0 = Debug|Any CPU
		{7415EC2D-64F7-4EB7-AD54-D3E9E657AF5E}.Release|Any CPU.ActiveCfg = Release|Any CPU
		{7415EC2D-64F7-4EB7-AD54-D3E9E657AF5E}.Release|Any CPU.Build.0 = Release|Any CPU
		{B0DCC92E-909B-4AD5-963F-96482019E396}.Debug|Any CPU.ActiveCfg = Debug|Any CPU
		{B0DCC92E-909B-4AD5-963F-96482019E396}.Debug|Any CPU.Build.0 = Debug|Any CPU
		{B0DCC92E-909B-4AD5-963F-96482019E396}.Release|Any CPU.ActiveCfg = Release|Any CPU
		{B0DCC92E-909B-4AD5-963F-96482019E396}.Release|Any CPU.Build.0 = Release|Any CPU
		{23CC2588-F5E2-4DA8-A5F2-F479115954CF}.Debug|Any CPU.ActiveCfg = Debug|Any CPU
		{23CC2588-F5E2-4DA8-A5F2-F479115954CF}.Debug|Any CPU.Build.0 = Debug|Any CPU
		{23CC2588-F5E2-4DA8-A5F2-F479115954CF}.Release|Any CPU.ActiveCfg = Release|Any CPU
		{23CC2588-F5E2-4DA8-A5F2-F479115954CF}.Release|Any CPU.Build.0 = Release|Any CPU
	EndGlobalSection
	GlobalSection(SolutionProperties) = preSolution
		HideSolutionNode = FALSE
	EndGlobalSection
	GlobalSection(ExtensibilityGlobals) = postSolution
		SolutionGuid = {641555E9-5718-490C-957C-080C74387934}
	EndGlobalSection
EndGlobal
